
Microsoft Visual Studio Solution File, Format Version 12.00
# Visual Studio Version 16
VisualStudioVersion = 16.0.30225.117
MinimumVisualStudioVersion = 10.0.40219.1
Project("{FAE04EC0-301F-11D3-BF4B-00C04F79EFBC}") = "PL", "PL\PL.csproj", "{FC7C970A-EC84-42A4-998E-CF0B0477802A}"
EndProject
Project("{FAE04EC0-301F-11D3-BF4B-00C04F79EFBC}") = "DAL", "DAL\DAL.csproj", "{0F0B19C4-B0B1-474F-8266-AD17EAD30EBD}"
EndProject
Project("{FAE04EC0-301F-11D3-BF4B-00C04F79EFBC}") = "BLL", "BLL\BLL.csproj", "{71F7674C-0DF6-4F16-AE48-6594D6F666F0}"
EndProject
Global
	GlobalSection(SolutionConfigurationPlatforms) = preSolution
		Debug|Any CPU = Debug|Any CPU
		Release|Any CPU = Release|Any CPU
	EndGlobalSection
	GlobalSection(ProjectConfigurationPlatforms) = postSolution
		{FC7C970A-EC84-42A4-998E-CF0B0477802A}.Debug|Any CPU.ActiveCfg = Debug|Any CPU
		{FC7C970A-EC84-42A4-998E-CF0B0477802A}.Debug|Any CPU.Build.0 = Debug|Any CPU
		{FC7C970A-EC84-42A4-998E-CF0B0477802A}.Release|Any CPU.ActiveCfg = Debug|Any CPU
		{FC7C970A-EC84-42A4-998E-CF0B0477802A}.Release|Any CPU.Build.0 = Debug|Any CPU
		{0F0B19C4-B0B1-474F-8266-AD17EAD30EBD}.Debug|Any CPU.ActiveCfg = Debug|Any CPU
		{0F0B19C4-B0B1-474F-8266-AD17EAD30EBD}.Debug|Any CPU.Build.0 = Debug|Any CPU
		{0F0B19C4-B0B1-474F-8266-AD17EAD30EBD}.Release|Any CPU.ActiveCfg = Debug|Any CPU
		{0F0B19C4-B0B1-474F-8266-AD17EAD30EBD}.Release|Any CPU.Build.0 = Debug|Any CPU
		{71F7674C-0DF6-4F16-AE48-6594D6F666F0}.Debug|Any CPU.ActiveCfg = Debug|Any CPU
		{71F7674C-0DF6-4F16-AE48-6594D6F666F0}.Debug|Any CPU.Build.0 = Debug|Any CPU
		{71F7674C-0DF6-4F16-AE48-6594D6F666F0}.Release|Any CPU.ActiveCfg = Debug|Any CPU
		{71F7674C-0DF6-4F16-AE48-6594D6F666F0}.Release|Any CPU.Build.0 = Debug|Any CPU
	EndGlobalSection
	GlobalSection(SolutionProperties) = preSolution
		HideSolutionNode = FALSE
	EndGlobalSection
	GlobalSection(ExtensibilityGlobals) = postSolution
		SolutionGuid = {DB8F9084-B45C-4D8B-B644-6C818F98D73C}
	EndGlobalSection
EndGlobal
